
Microsoft Visual Studio Solution File, Format Version 12.00
# Visual Studio Version 17
VisualStudioVersion = 17.0.31717.71
MinimumVisualStudioVersion = 10.0.40219.1
Project("{9A19103F-16F7-4668-BE54-9A1E7A4F7556}") = "AILearning", "AILearning.csproj", "{E3E530E1-0632-4084-B965-CC99C6B202BC}"
EndProject
Global
	GlobalSection(SolutionConfigurationPlatforms) = preSolution
		Debug|Any CPU = Debug|Any CPU
		Release|Any CPU = Release|Any CPU
	EndGlobalSection
	GlobalSection(ProjectConfigurationPlatforms) = postSolution
		{E3E530E1-0632-4084-B965-CC99C6B202BC}.Debug|Any CPU.ActiveCfg = Debug|Any CPU
		{E3E530E1-0632-4084-B965-CC99C6B202BC}.Debug|Any CPU.Build.0 = Debug|Any CPU
		{E3E530E1-0632-4084-B965-CC99C6B202BC}.Release|Any CPU.ActiveCfg = Release|Any CPU
		{E3E530E1-0632-4084-B965-CC99C6B202BC}.Release|Any CPU.Build.0 = Release|Any CPU
	EndGlobalSection
	GlobalSection(SolutionProperties) = preSolution
		HideSolutionNode = FALSE
	EndGlobalSection
	GlobalSection(ExtensibilityGlobals) = postSolution
		SolutionGuid = {7FA4047F-4784-4846-8C2D-818A25204DA6}
	EndGlobalSection
EndGlobal